
Microsoft Visual Studio Solution File, Format Version 12.00
# Visual Studio Version 17
VisualStudioVersion = 17.7.34024.191
MinimumVisualStudioVersion = 10.0.40219.1
Project("{FAE04EC0-301F-11D3-BF4B-00C04F79EFBC}") = "MementoDesignPattern", "MementoDesignPattern\MementoDesignPattern.csproj", "{15B5276A-8038-4D8C-81D8-CECE04B9F0D8}"
EndProject
Project("{FAE04EC0-301F-11D3-BF4B-00C04F79EFBC}") = "MementoDesignPatternTests", "MementoDesignPatternTests\MementoDesignPatternTests.csproj", "{53A8E3BD-8A21-43C7-B2F1-730B25FEAD82}"
EndProject
Global
	GlobalSection(SolutionConfigurationPlatforms) = preSolution
		Debug|Any CPU = Debug|Any CPU
		Release|Any CPU = Release|Any CPU
	EndGlobalSection
	GlobalSection(ProjectConfigurationPlatforms) = postSolution
		{15B5276A-8038-4D8C-81D8-CECE04B9F0D8}.Debug|Any CPU.ActiveCfg = Debug|Any CPU
		{15B5276A-8038-4D8C-81D8-CECE04B9F0D8}.Debug|Any CPU.Build.0 = Debug|Any CPU
		{15B5276A-8038-4D8C-81D8-CECE04B9F0D8}.Release|Any CPU.ActiveCfg = Release|Any CPU
		{15B5276A-8038-4D8C-81D8-CECE04B9F0D8}.Release|Any CPU.Build.0 = Release|Any CPU
		{53A8E3BD-8A21-43C7-B2F1-730B25FEAD82}.Debug|Any CPU.ActiveCfg = Debug|Any CPU
		{53A8E3BD-8A21-43C7-B2F1-730B25FEAD82}.Debug|Any CPU.Build.0 = Debug|Any CPU
		{53A8E3BD-8A21-43C7-B2F1-730B25FEAD82}.Release|Any CPU.ActiveCfg = Release|Any CPU
		{53A8E3BD-8A21-43C7-B2F1-730B25FEAD82}.Release|Any CPU.Build.0 = Release|Any CPU
	EndGlobalSection
	GlobalSection(SolutionProperties) = preSolution
		HideSolutionNode = FALSE
	EndGlobalSection
	GlobalSection(ExtensibilityGlobals) = postSolution
		SolutionGuid = {AFDC3282-0D37-40BC-8BDE-088A0FA16DDC}
	EndGlobalSection
EndGlobal
